{
  "name": "tcl_update_db",
  "version": "1.0.0",
  "lockfileVersion": 1,
  "requires": true,
  "dependencies": {
    "@material/animation": {
      "version": "https://registry.npmjs.org/@material/animation/-/animation-0.25.0.tgz",
      "integrity": "sha1-slKsPQtijnmnnwxAbXRw+1Y1KoA="
    },
    "@material/auto-init": {
      "version": "https://registry.npmjs.org/@material/auto-init/-/auto-init-0.25.0.tgz",
      "integrity": "sha1-ThvR49HKBf2TcTDdHxf1zi9FhKU="
    },
    "@material/base": {
      "version": "https://registry.npmjs.org/@material/base/-/base-0.24.0.tgz",
      "integrity": "sha1-iIph5bZYDjWmY4Sp+IIwkbT+fFU="
    },
    "@material/button": {
      "version": "https://registry.npmjs.org/@material/button/-/button-0.27.0.tgz",
      "integrity": "sha1-VG4YhzJAQ7Jgfs07pmGwKe9skJs=",
      "requires": {
        "@material/elevation": "https://registry.npmjs.org/@material/elevation/-/elevation-0.25.0.tgz",
        "@material/ripple": "https://registry.npmjs.org/@material/ripple/-/ripple-0.27.0.tgz",
        "@material/theme": "https://registry.npmjs.org/@material/theme/-/theme-0.27.0.tgz",
        "@material/typography": "https://registry.npmjs.org/@material/typography/-/typography-0.3.0.tgz"
      }
    },
    "@material/card": {
      "version": "https://registry.npmjs.org/@material/card/-/card-0.27.0.tgz",
      "integrity": "sha1-BRP+jyNDD66tsSYRdjEiqQGzqvc=",
      "requires": {
        "@material/elevation": "https://registry.npmjs.org/@material/elevation/-/elevation-0.25.0.tgz",
        "@material/rtl": "https://registry.npmjs.org/@material/rtl/-/rtl-0.1.8.tgz",
        "@material/theme": "https://registry.npmjs.org/@material/theme/-/theme-0.27.0.tgz",
        "@material/typography": "https://registry.npmjs.org/@material/typography/-/typography-0.3.0.tgz"
      }
    },
    "@material/checkbox": {
      "version": "https://registry.npmjs.org/@material/checkbox/-/checkbox-0.27.0.tgz",
      "integrity": "sha1-X7HiZGv/x5OCimFNLgAQ9SY8BQ0=",
      "requires": {
        "@material/animation": "https://registry.npmjs.org/@material/animation/-/animation-0.25.0.tgz",
        "@material/base": "https://registry.npmjs.org/@material/base/-/base-0.24.0.tgz",
        "@material/ripple": "https://registry.npmjs.org/@material/ripple/-/ripple-0.27.0.tgz",
        "@material/rtl": "https://registry.npmjs.org/@material/rtl/-/rtl-0.1.8.tgz",
        "@material/selection-control": "https://registry.npmjs.org/@material/selection-control/-/selection-control-0.27.0.tgz",
        "@material/theme": "https://registry.npmjs.org/@material/theme/-/theme-0.27.0.tgz"
      }
    },
    "@material/dialog": {
      "version": "https://registry.npmjs.org/@material/dialog/-/dialog-0.27.0.tgz",
      "integrity": "sha1-tncC6WU+IKRGrB5H7Tp+LP0odS8=",
      "requires": {
        "@material/animation": "https://registry.npmjs.org/@material/animation/-/animation-0.25.0.tgz",
        "@material/base": "https://registry.npmjs.org/@material/base/-/base-0.24.0.tgz",
        "@material/elevation": "https://registry.npmjs.org/@material/elevation/-/elevation-0.25.0.tgz",
        "@material/ripple": "https://registry.npmjs.org/@material/ripple/-/ripple-0.27.0.tgz",
        "@material/rtl": "https://registry.npmjs.org/@material/rtl/-/rtl-0.1.8.tgz",
        "@material/theme": "https://registry.npmjs.org/@material/theme/-/theme-0.27.0.tgz",
        "@material/typography": "https://registry.npmjs.org/@material/typography/-/typography-0.1.1.tgz",
        "focus-trap": "https://registry.npmjs.org/focus-trap/-/focus-trap-2.4.2.tgz"
      },
      "dependencies": {
        "@material/typography": {
          "version": "https://registry.npmjs.org/@material/typography/-/typography-0.1.1.tgz",
          "integrity": "sha1-+y40N70yhNOen7kUhXZ63msr0ME="
        }
      }
    },
    "@material/drawer": {
      "version": "https://registry.npmjs.org/@material/drawer/-/drawer-0.27.0.tgz",
      "integrity": "sha1-I/5rZ2QHt+MapwaljrggmfR5rHY=",
      "requires": {
        "@material/animation": "https://registry.npmjs.org/@material/animation/-/animation-0.25.0.tgz",
        "@material/base": "https://registry.npmjs.org/@material/base/-/base-0.24.0.tgz",
        "@material/elevation": "https://registry.npmjs.org/@material/elevation/-/elevation-0.25.0.tgz",
        "@material/rtl": "https://registry.npmjs.org/@material/rtl/-/rtl-0.1.8.tgz",
        "@material/theme": "https://registry.npmjs.org/@material/theme/-/theme-0.27.0.tgz",
        "@material/typography": "https://registry.npmjs.org/@material/typography/-/typography-0.3.0.tgz"
      }
    },
    "@material/elevation": {
      "version": "https://registry.npmjs.org/@material/elevation/-/elevation-0.25.0.tgz",
      "integrity": "sha1-qxsizcbQyEDiw4njNMOUZqg5fJs=",
      "requires": {
        "@material/animation": "https://registry.npmjs.org/@material/animation/-/animation-0.25.0.tgz",
        "@material/theme": "https://registry.npmjs.org/@material/theme/-/theme-0.4.0.tgz"
      },
      "dependencies": {
        "@material/theme": {
          "version": "https://registry.npmjs.org/@material/theme/-/theme-0.4.0.tgz",
          "integrity": "sha1-Cu8aAnm2XBWZBYT7i47KCVxzRkE="
        }
      }
    },
    "@material/fab": {
      "version": "https://registry.npmjs.org/@material/fab/-/fab-0.27.0.tgz",
      "integrity": "sha1-LuS0fUJIcx/mBl/LtkI8NuscX7M=",
      "requires": {
        "@material/animation": "https://registry.npmjs.org/@material/animation/-/animation-0.25.0.tgz",
        "@material/elevation": "https://registry.npmjs.org/@material/elevation/-/elevation-0.25.0.tgz",
        "@material/ripple": "https://registry.npmjs.org/@material/ripple/-/ripple-0.27.0.tgz",
        "@material/theme": "https://registry.npmjs.org/@material/theme/-/theme-0.27.0.tgz"
      }
    },
    "@material/form-field": {
      "version": "https://registry.npmjs.org/@material/form-field/-/form-field-0.27.0.tgz",
      "integrity": "sha1-ijy4b0fSzHwq11h9GDQxQVP0Mas=",
      "requires": {
        "@material/base": "https://registry.npmjs.org/@material/base/-/base-0.24.0.tgz",
        "@material/rtl": "https://registry.npmjs.org/@material/rtl/-/rtl-0.1.8.tgz",
        "@material/selection-control": "https://registry.npmjs.org/@material/selection-control/-/selection-control-0.27.0.tgz",
        "@material/theme": "https://registry.npmjs.org/@material/theme/-/theme-0.27.0.tgz",
        "@material/typography": "https://registry.npmjs.org/@material/typography/-/typography-0.3.0.tgz"
      }
    },
    "@material/grid-list": {
      "version": "https://registry.npmjs.org/@material/grid-list/-/grid-list-0.27.0.tgz",
      "integrity": "sha1-0OrYlVWpp6/00/x8/2CiIatXdIM=",
      "requires": {
        "@material/base": "https://registry.npmjs.org/@material/base/-/base-0.24.0.tgz",
        "@material/rtl": "https://registry.npmjs.org/@material/rtl/-/rtl-0.1.8.tgz",
        "@material/theme": "https://registry.npmjs.org/@material/theme/-/theme-0.27.0.tgz",
        "@material/typography": "https://registry.npmjs.org/@material/typography/-/typography-0.3.0.tgz"
      }
    },
    "@material/icon-toggle": {
      "version": "https://registry.npmjs.org/@material/icon-toggle/-/icon-toggle-0.27.0.tgz",
      "integrity": "sha1-rAJM9LypmUfXSh/1vHYTSPPJSYE=",
      "requires": {
        "@material/animation": "https://registry.npmjs.org/@material/animation/-/animation-0.25.0.tgz",
        "@material/base": "https://registry.npmjs.org/@material/base/-/base-0.24.0.tgz",
        "@material/ripple": "https://registry.npmjs.org/@material/ripple/-/ripple-0.27.0.tgz",
        "@material/theme": "https://registry.npmjs.org/@material/theme/-/theme-0.27.0.tgz"
      }
    },
    "@material/layout-grid": {
      "version": "https://registry.npmjs.org/@material/layout-grid/-/layout-grid-0.24.0.tgz",
      "integrity": "sha1-Ij13HXVdiHgHmY2W9ZluGCzrZA0="
    },
    "@material/linear-progress": {
      "version": "https://registry.npmjs.org/@material/linear-progress/-/linear-progress-0.27.0.tgz",
      "integrity": "sha1-BgffubV5oR4P5eqUCvN4QUX0XEA=",
      "requires": {
        "@material/animation": "https://registry.npmjs.org/@material/animation/-/animation-0.25.0.tgz",
        "@material/base": "https://registry.npmjs.org/@material/base/-/base-0.24.0.tgz",
        "@material/theme": "https://registry.npmjs.org/@material/theme/-/theme-0.27.0.tgz"
      }
    },
    "@material/list": {
      "version": "https://registry.npmjs.org/@material/list/-/list-0.27.0.tgz",
      "integrity": "sha1-hCpslFtlrG9eTx3qVbEPAVrIsVw=",
      "requires": {
        "@material/ripple": "https://registry.npmjs.org/@material/ripple/-/ripple-0.27.0.tgz",
        "@material/rtl": "https://registry.npmjs.org/@material/rtl/-/rtl-0.1.8.tgz",
        "@material/theme": "https://registry.npmjs.org/@material/theme/-/theme-0.27.0.tgz",
        "@material/typography": "https://registry.npmjs.org/@material/typography/-/typography-0.3.0.tgz"
      }
    },
    "@material/menu": {
      "version": "https://registry.npmjs.org/@material/menu/-/menu-0.27.0.tgz",
      "integrity": "sha1-VtGrwTABOqzDO0DB1NK6jdClrjI=",
      "requires": {
        "@material/animation": "https://registry.npmjs.org/@material/animation/-/animation-0.25.0.tgz",
        "@material/base": "https://registry.npmjs.org/@material/base/-/base-0.24.0.tgz",
        "@material/elevation": "https://registry.npmjs.org/@material/elevation/-/elevation-0.25.0.tgz",
        "@material/theme": "https://registry.npmjs.org/@material/theme/-/theme-0.27.0.tgz",
        "@material/typography": "https://registry.npmjs.org/@material/typography/-/typography-0.3.0.tgz"
      }
    },
    "@material/radio": {
      "version": "https://registry.npmjs.org/@material/radio/-/radio-0.27.0.tgz",
      "integrity": "sha1-w0KivzXsp7oM0lg+EOucoEbBpQw=",
      "requires": {
        "@material/animation": "https://registry.npmjs.org/@material/animation/-/animation-0.25.0.tgz",
        "@material/base": "https://registry.npmjs.org/@material/base/-/base-0.24.0.tgz",
        "@material/ripple": "https://registry.npmjs.org/@material/ripple/-/ripple-0.27.0.tgz",
        "@material/selection-control": "https://registry.npmjs.org/@material/selection-control/-/selection-control-0.27.0.tgz",
        "@material/theme": "https://registry.npmjs.org/@material/theme/-/theme-0.27.0.tgz"
      }
    },
    "@material/ripple": {
      "version": "https://registry.npmjs.org/@material/ripple/-/ripple-0.27.0.tgz",
      "integrity": "sha1-F074I0NOUWYt7HtLqfHXvHkF15s=",
      "requires": {
        "@material/base": "https://registry.npmjs.org/@material/base/-/base-0.24.0.tgz",
        "@material/theme": "https://registry.npmjs.org/@material/theme/-/theme-0.27.0.tgz"
      }
    },
    "@material/rtl": {
      "version": "https://registry.npmjs.org/@material/rtl/-/rtl-0.1.8.tgz",
      "integrity": "sha1-JGLbFeLU4EFmZIVVnAKDgocrAfs="
    },
    "@material/select": {
      "version": "https://registry.npmjs.org/@material/select/-/select-0.27.0.tgz",
      "integrity": "sha1-QZt94OrSnv3+qQFTpew3sSoB0yg=",
      "requires": {
        "@material/animation": "https://registry.npmjs.org/@material/animation/-/animation-0.25.0.tgz",
        "@material/base": "https://registry.npmjs.org/@material/base/-/base-0.24.0.tgz",
        "@material/list": "https://registry.npmjs.org/@material/list/-/list-0.27.0.tgz",
        "@material/menu": "https://registry.npmjs.org/@material/menu/-/menu-0.27.0.tgz",
        "@material/ripple": "https://registry.npmjs.org/@material/ripple/-/ripple-0.27.0.tgz",
        "@material/rtl": "https://registry.npmjs.org/@material/rtl/-/rtl-0.1.8.tgz",
        "@material/theme": "https://registry.npmjs.org/@material/theme/-/theme-0.27.0.tgz",
        "@material/typography": "https://registry.npmjs.org/@material/typography/-/typography-0.3.0.tgz"
      }
    },
    "@material/selection-control": {
      "version": "https://registry.npmjs.org/@material/selection-control/-/selection-control-0.27.0.tgz",
      "integrity": "sha1-TffVbtidup0EHwFmYe+Bn3ocHwY=",
      "requires": {
        "@material/ripple": "https://registry.npmjs.org/@material/ripple/-/ripple-0.27.0.tgz"
      }
    },
    "@material/slider": {
      "version": "https://registry.npmjs.org/@material/slider/-/slider-0.27.0.tgz",
      "integrity": "sha1-5iT7G51dMPJefXStg22ZlaLvqrw=",
      "requires": {
        "@material/animation": "https://registry.npmjs.org/@material/animation/-/animation-0.25.0.tgz",
        "@material/base": "https://registry.npmjs.org/@material/base/-/base-0.24.0.tgz",
        "@material/rtl": "https://registry.npmjs.org/@material/rtl/-/rtl-0.1.8.tgz",
        "@material/theme": "https://registry.npmjs.org/@material/theme/-/theme-0.27.0.tgz"
      }
    },
    "@material/snackbar": {
      "version": "https://registry.npmjs.org/@material/snackbar/-/snackbar-0.27.0.tgz",
      "integrity": "sha1-CXIslfmlgDCCEBahGM2sutzGJm8=",
      "requires": {
        "@material/animation": "https://registry.npmjs.org/@material/animation/-/animation-0.25.0.tgz",
        "@material/base": "https://registry.npmjs.org/@material/base/-/base-0.24.0.tgz",
        "@material/rtl": "https://registry.npmjs.org/@material/rtl/-/rtl-0.1.8.tgz",
        "@material/theme": "https://registry.npmjs.org/@material/theme/-/theme-0.27.0.tgz",
        "@material/typography": "https://registry.npmjs.org/@material/typography/-/typography-0.3.0.tgz"
      }
    },
    "@material/switch": {
      "version": "https://registry.npmjs.org/@material/switch/-/switch-0.27.0.tgz",
      "integrity": "sha1-6TkLcG0lIvAz4VQePE542pG9h4s=",
      "requires": {
        "@material/animation": "https://registry.npmjs.org/@material/animation/-/animation-0.25.0.tgz",
        "@material/elevation": "https://registry.npmjs.org/@material/elevation/-/elevation-0.25.0.tgz",
        "@material/theme": "https://registry.npmjs.org/@material/theme/-/theme-0.27.0.tgz"
      }
    },
    "@material/tabs": {
      "version": "https://registry.npmjs.org/@material/tabs/-/tabs-0.27.0.tgz",
      "integrity": "sha1-2Iogc/lAdVsbcWWiKpG+RvABVwI=",
      "requires": {
        "@material/animation": "https://registry.npmjs.org/@material/animation/-/animation-0.25.0.tgz",
        "@material/base": "https://registry.npmjs.org/@material/base/-/base-0.24.0.tgz",
        "@material/ripple": "https://registry.npmjs.org/@material/ripple/-/ripple-0.27.0.tgz",
        "@material/rtl": "https://registry.npmjs.org/@material/rtl/-/rtl-0.1.8.tgz",
        "@material/theme": "https://registry.npmjs.org/@material/theme/-/theme-0.27.0.tgz",
        "@material/typography": "https://registry.npmjs.org/@material/typography/-/typography-0.3.0.tgz"
      }
    },
    "@material/textfield": {
      "version": "https://registry.npmjs.org/@material/textfield/-/textfield-0.27.0.tgz",
      "integrity": "sha1-+8WElblmrgILBbtye7FPJuVC3k4=",
      "requires": {
        "@material/animation": "https://registry.npmjs.org/@material/animation/-/animation-0.25.0.tgz",
        "@material/base": "https://registry.npmjs.org/@material/base/-/base-0.24.0.tgz",
        "@material/ripple": "https://registry.npmjs.org/@material/ripple/-/ripple-0.27.0.tgz",
        "@material/rtl": "https://registry.npmjs.org/@material/rtl/-/rtl-0.1.8.tgz",
        "@material/theme": "https://registry.npmjs.org/@material/theme/-/theme-0.27.0.tgz",
        "@material/typography": "https://registry.npmjs.org/@material/typography/-/typography-0.3.0.tgz"
      }
    },
    "@material/theme": {
      "version": "https://registry.npmjs.org/@material/theme/-/theme-0.27.0.tgz",
      "integrity": "sha1-Mv1yrd/sCb8i6D9m82p+u9wSNGE="
    },
    "@material/toolbar": {
      "version": "https://registry.npmjs.org/@material/toolbar/-/toolbar-0.27.0.tgz",
      "integrity": "sha1-X6YZIiXWBcSp9dXNLjuILX1Sy64=",
      "requires": {
        "@material/base": "https://registry.npmjs.org/@material/base/-/base-0.24.0.tgz",
        "@material/elevation": "https://registry.npmjs.org/@material/elevation/-/elevation-0.25.0.tgz",
        "@material/rtl": "https://registry.npmjs.org/@material/rtl/-/rtl-0.1.8.tgz",
        "@material/theme": "https://registry.npmjs.org/@material/theme/-/theme-0.27.0.tgz",
        "@material/typography": "https://registry.npmjs.org/@material/typography/-/typography-0.3.0.tgz"
      }
    },
    "@material/typography": {
      "version": "https://registry.npmjs.org/@material/typography/-/typography-0.3.0.tgz",
      "integrity": "sha1-+CjC0yFb/WbFgHJwm0JgxkElOQo="
    },
    "coffeescript": {
      "version": "2.1.1",
      "resolved": "https://registry.npmjs.org/coffeescript/-/coffeescript-2.1.1.tgz",
      "integrity": "sha512-Tl2z6/rNMqJ2LqWlVxLKwLF9FniwJpweonfSLCwhX8NFCEsGBcFIErtfKd8+t4XHDSYRshj9FXxPX53BT3lC9w=="
    },
    "focus-trap": {
      "version": "https://registry.npmjs.org/focus-trap/-/focus-trap-2.4.2.tgz",
      "integrity": "sha1-ROocVanCLCtlKdzrveY5DrLuTIg=",
      "requires": {
        "tabbable": "https://registry.npmjs.org/tabbable/-/tabbable-1.1.2.tgz"
      }
    },
    "material-components-web": {
      "version": "https://registry.npmjs.org/material-components-web/-/material-components-web-0.27.0.tgz",
      "integrity": "sha1-YFBV9wA8x4bZ6352xDkRG+81454=",
      "requires": {
        "@material/animation": "https://registry.npmjs.org/@material/animation/-/animation-0.25.0.tgz",
        "@material/auto-init": "https://registry.npmjs.org/@material/auto-init/-/auto-init-0.25.0.tgz",
        "@material/base": "https://registry.npmjs.org/@material/base/-/base-0.24.0.tgz",
        "@material/button": "https://registry.npmjs.org/@material/button/-/button-0.27.0.tgz",
        "@material/card": "https://registry.npmjs.org/@material/card/-/card-0.27.0.tgz",
        "@material/checkbox": "https://registry.npmjs.org/@material/checkbox/-/checkbox-0.27.0.tgz",
        "@material/dialog": "https://registry.npmjs.org/@material/dialog/-/dialog-0.27.0.tgz",
        "@material/drawer": "https://registry.npmjs.org/@material/drawer/-/drawer-0.27.0.tgz",
        "@material/elevation": "https://registry.npmjs.org/@material/elevation/-/elevation-0.25.0.tgz",
        "@material/fab": "https://registry.npmjs.org/@material/fab/-/fab-0.27.0.tgz",
        "@material/form-field": "https://registry.npmjs.org/@material/form-field/-/form-field-0.27.0.tgz",
        "@material/grid-list": "https://registry.npmjs.org/@material/grid-list/-/grid-list-0.27.0.tgz",
        "@material/icon-toggle": "https://registry.npmjs.org/@material/icon-toggle/-/icon-toggle-0.27.0.tgz",
        "@material/layout-grid": "https://registry.npmjs.org/@material/layout-grid/-/layout-grid-0.24.0.tgz",
        "@material/linear-progress": "https://registry.npmjs.org/@material/linear-progress/-/linear-progress-0.27.0.tgz",
        "@material/list": "https://registry.npmjs.org/@material/list/-/list-0.27.0.tgz",
        "@material/menu": "https://registry.npmjs.org/@material/menu/-/menu-0.27.0.tgz",
        "@material/radio": "https://registry.npmjs.org/@material/radio/-/radio-0.27.0.tgz",
        "@material/ripple": "https://registry.npmjs.org/@material/ripple/-/ripple-0.27.0.tgz",
        "@material/rtl": "https://registry.npmjs.org/@material/rtl/-/rtl-0.1.8.tgz",
        "@material/select": "https://registry.npmjs.org/@material/select/-/select-0.27.0.tgz",
        "@material/selection-control": "https://registry.npmjs.org/@material/selection-control/-/selection-control-0.27.0.tgz",
        "@material/slider": "https://registry.npmjs.org/@material/slider/-/slider-0.27.0.tgz",
        "@material/snackbar": "https://registry.npmjs.org/@material/snackbar/-/snackbar-0.27.0.tgz",
        "@material/switch": "https://registry.npmjs.org/@material/switch/-/switch-0.27.0.tgz",
        "@material/tabs": "https://registry.npmjs.org/@material/tabs/-/tabs-0.27.0.tgz",
        "@material/textfield": "https://registry.npmjs.org/@material/textfield/-/textfield-0.27.0.tgz",
        "@material/theme": "https://registry.npmjs.org/@material/theme/-/theme-0.27.0.tgz",
        "@material/toolbar": "https://registry.npmjs.org/@material/toolbar/-/toolbar-0.27.0.tgz",
        "@material/typography": "https://registry.npmjs.org/@material/typography/-/typography-0.3.0.tgz"
      }
    },
    "tabbable": {
      "version": "https://registry.npmjs.org/tabbable/-/tabbable-1.1.2.tgz",
      "integrity": "sha1-sXFoCupuCj6Sgf8jUy4uXeEcDZQ="
    }
  }
}
